// !$*UTF8*$!
{
	archiveVersion = 1;
	classes = {
	};
	objectVersion = 50;
	objects = {

/* Begin PBXBuildFile section */
		3302F753231E7545008DE36C /* TimelineView+Graph.swift in Sources */ = {isa = PBXBuildFile; fileRef = 3302F752231E7545008DE36C /* TimelineView+Graph.swift */; };
		3302F755231E87D2008DE36C /* TimelineView+Meters.swift in Sources */ = {isa = PBXBuildFile; fileRef = 3302F754231E87D2008DE36C /* TimelineView+Meters.swift */; };
		3302F757231E971E008DE36C /* TimelineView+Playhead.swift in Sources */ = {isa = PBXBuildFile; fileRef = 3302F756231E971E008DE36C /* TimelineView+Playhead.swift */; };
		3302F759231EA4CF008DE36C /* TimelineView+MouseEvents.swift in Sources */ = {isa = PBXBuildFile; fileRef = 3302F758231EA4CF008DE36C /* TimelineView+MouseEvents.swift */; };
		3302F75B231EC42F008DE36C /* CGPoint+Operators.swift in Sources */ = {isa = PBXBuildFile; fileRef = 3302F75A231EC42F008DE36C /* CGPoint+Operators.swift */; };
		331F0378231F50F6004472C1 /* TimelineViewController+Actions.swift in Sources */ = {isa = PBXBuildFile; fileRef = 331F0377231F50F6004472C1 /* TimelineViewController+Actions.swift */; };
		331F037D2321A49D004472C1 /* TimelineViewController+Scale&Position.swift in Sources */ = {isa = PBXBuildFile; fileRef = 331F037C2321A49D004472C1 /* TimelineViewController+Scale&Position.swift */; };
		3343C24F2321F61200D033B8 /* SceneViewController.swift in Sources */ = {isa = PBXBuildFile; fileRef = 3343C24E2321F61200D033B8 /* SceneViewController.swift */; };
		3343C2562321F9DB00D033B8 /* Shaders.metal in Sources */ = {isa = PBXBuildFile; fileRef = 3343C2552321F9DB00D033B8 /* Shaders.metal */; };
		3358FBC3231D8D97006272CB /* TimelineViewMouseDelegate.swift in Sources */ = {isa = PBXBuildFile; fileRef = 3358FBC2231D8D97006272CB /* TimelineViewMouseDelegate.swift */; };
		3358FBC8231D98FE006272CB /* TimelineViewController+TimelineViewChangeDelegate.swift in Sources */ = {isa = PBXBuildFile; fileRef = 3358FBC7231D98FE006272CB /* TimelineViewController+TimelineViewChangeDelegate.swift */; };
		3368EE2123257C2F001B2AC7 /* CustomCursors.swift in Sources */ = {isa = PBXBuildFile; fileRef = 3368EE2023257C2F001B2AC7 /* CustomCursors.swift */; };
		3368EE2523259159001B2AC7 /* TimelineView+StartDrawing.swift in Sources */ = {isa = PBXBuildFile; fileRef = 3368EE2423259159001B2AC7 /* TimelineView+StartDrawing.swift */; };
		3368EE292325A536001B2AC7 /* FloorPrimitive.swift in Sources */ = {isa = PBXBuildFile; fileRef = 3368EE282325A536001B2AC7 /* FloorPrimitive.swift */; };
		3368EE2B2326FF13001B2AC7 /* SceneView.swift in Sources */ = {isa = PBXBuildFile; fileRef = 3368EE2A2326FF13001B2AC7 /* SceneView.swift */; };
		3368EE2D232729CB001B2AC7 /* Sizeable.swift in Sources */ = {isa = PBXBuildFile; fileRef = 3368EE2C232729CB001B2AC7 /* Sizeable.swift */; };
		3368EE2F23272A88001B2AC7 /* Vertex.swift in Sources */ = {isa = PBXBuildFile; fileRef = 3368EE2E23272A88001B2AC7 /* Vertex.swift */; };
		3368EE3123272CEA001B2AC7 /* RenderPreferences.swift in Sources */ = {isa = PBXBuildFile; fileRef = 3368EE3023272CEA001B2AC7 /* RenderPreferences.swift */; };
		3368EE3323272D7F001B2AC7 /* SceneEngine.swift in Sources */ = {isa = PBXBuildFile; fileRef = 3368EE3223272D7F001B2AC7 /* SceneEngine.swift */; };
		33A1FD372329925E00F38D0C /* ShaderLibrary.swift in Sources */ = {isa = PBXBuildFile; fileRef = 33A1FD362329925E00F38D0C /* ShaderLibrary.swift */; };
		33A1FD3A2329C45300F38D0C /* VertexDescriptorLibrary.swift in Sources */ = {isa = PBXBuildFile; fileRef = 33A1FD392329C45300F38D0C /* VertexDescriptorLibrary.swift */; };
		33A1FD3C2329C6A700F38D0C /* RenderPipelineDescriptorLibrary.swift in Sources */ = {isa = PBXBuildFile; fileRef = 33A1FD3B2329C6A700F38D0C /* RenderPipelineDescriptorLibrary.swift */; };
		33A1FD3E2329C8C800F38D0C /* RenderPipelineStateLibrary.swift in Sources */ = {isa = PBXBuildFile; fileRef = 33A1FD3D2329C8C800F38D0C /* RenderPipelineStateLibrary.swift */; };
		33A1FD40232A236700F38D0C /* GameObject.swift in Sources */ = {isa = PBXBuildFile; fileRef = 33A1FD3F232A236700F38D0C /* GameObject.swift */; };
		33A1FD43232A25F600F38D0C /* SceneRenderer.swift in Sources */ = {isa = PBXBuildFile; fileRef = 33A1FD42232A25F600F38D0C /* SceneRenderer.swift */; };
		33A9D2F523233CBB00D157D8 /* TimelineToolController.swift in Sources */ = {isa = PBXBuildFile; fileRef = 33A9D2F423233CBB00D157D8 /* TimelineToolController.swift */; };
		33A9D2F723233E4800D157D8 /* TimelinePointerController.swift in Sources */ = {isa = PBXBuildFile; fileRef = 33A9D2F623233E4800D157D8 /* TimelinePointerController.swift */; };
		33A9D2FB2323478700D157D8 /* TimelineTrimController.swift in Sources */ = {isa = PBXBuildFile; fileRef = 33A9D2FA2323478700D157D8 /* TimelineTrimController.swift */; };
		33A9D2FD232347C300D157D8 /* TimelineZoomController.swift in Sources */ = {isa = PBXBuildFile; fileRef = 33A9D2FC232347C300D157D8 /* TimelineZoomController.swift */; };
		33A9D2FF23234DB300D157D8 /* TimelineHandController.swift in Sources */ = {isa = PBXBuildFile; fileRef = 33A9D2FE23234DB300D157D8 /* TimelineHandController.swift */; };
		33A9D3012323FF7400D157D8 /* TimelineViewChangeDelegate.swift in Sources */ = {isa = PBXBuildFile; fileRef = 33A9D3002323FF7400D157D8 /* TimelineViewChangeDelegate.swift */; };
		33A9D3032324123C00D157D8 /* CGSize+Operators.swift in Sources */ = {isa = PBXBuildFile; fileRef = 33A9D3022324123C00D157D8 /* CGSize+Operators.swift */; };
		33AA5969231E50B1005D977C /* TimelineView.swift in Sources */ = {isa = PBXBuildFile; fileRef = 33AA5968231E50B1005D977C /* TimelineView.swift */; };
		33AA596D231E6D2E005D977C /* TimelineView+Ticks.swift in Sources */ = {isa = PBXBuildFile; fileRef = 33AA596C231E6D2E005D977C /* TimelineView+Ticks.swift */; };
		33B6E1C522FF60C5004ABC73 /* AppDelegate.swift in Sources */ = {isa = PBXBuildFile; fileRef = 33B6E1C422FF60C5004ABC73 /* AppDelegate.swift */; };
		33B6E1C722FF60C5004ABC73 /* MainViewController.swift in Sources */ = {isa = PBXBuildFile; fileRef = 33B6E1C622FF60C5004ABC73 /* MainViewController.swift */; };
		33B6E1C922FF60C8004ABC73 /* Assets.xcassets in Resources */ = {isa = PBXBuildFile; fileRef = 33B6E1C822FF60C8004ABC73 /* Assets.xcassets */; };
		33B6E1CC22FF60C8004ABC73 /* Main.storyboard in Resources */ = {isa = PBXBuildFile; fileRef = 33B6E1CA22FF60C8004ABC73 /* Main.storyboard */; };
		33B6E1D822FF60C8004ABC73 /* CameraTrackerEditorTests.swift in Sources */ = {isa = PBXBuildFile; fileRef = 33B6E1D722FF60C8004ABC73 /* CameraTrackerEditorTests.swift */; };
		33B6E1E322FF60C8004ABC73 /* CameraTrackerEditorUITests.swift in Sources */ = {isa = PBXBuildFile; fileRef = 33B6E1E222FF60C8004ABC73 /* CameraTrackerEditorUITests.swift */; };
		33B6E1F323002E7A004ABC73 /* TrackingData.swift in Sources */ = {isa = PBXBuildFile; fileRef = 33B6E1F223002E7A004ABC73 /* TrackingData.swift */; };
		33B6E1F723003CFB004ABC73 /* MathUtilities.swift in Sources */ = {isa = PBXBuildFile; fileRef = 33B6E1F623003CFB004ABC73 /* MathUtilities.swift */; };
		33B6E1FA23005099004ABC73 /* MathUtilitiesTests.swift in Sources */ = {isa = PBXBuildFile; fileRef = 33B6E1F923005099004ABC73 /* MathUtilitiesTests.swift */; };
		33B6E1FD23005DE5004ABC73 /* TrackingDataTests.swift in Sources */ = {isa = PBXBuildFile; fileRef = 33B6E1FC23005DE5004ABC73 /* TrackingDataTests.swift */; };
		33B6E1FF23006559004ABC73 /* InterpolationValues.swift in Sources */ = {isa = PBXBuildFile; fileRef = 33B6E1FE23006559004ABC73 /* InterpolationValues.swift */; };
		33B6E20123007DB1004ABC73 /* TrackingDataValues.swift in Sources */ = {isa = PBXBuildFile; fileRef = 33B6E20023007DB1004ABC73 /* TrackingDataValues.swift */; };
		33B6E207230220C8004ABC73 /* JsonSchemas.swift in Sources */ = {isa = PBXBuildFile; fileRef = 33B6E206230220C8004ABC73 /* JsonSchemas.swift */; };
		33B6E20923022632004ABC73 /* DataFileIO.swift in Sources */ = {isa = PBXBuildFile; fileRef = 33B6E20823022632004ABC73 /* DataFileIO.swift */; };
		33C4E92D2316DA6D00FC0EBD /* TimelineViewController.swift in Sources */ = {isa = PBXBuildFile; fileRef = 33C4E92C2316DA6D00FC0EBD /* TimelineViewController.swift */; };
		33C4E9312316F23100FC0EBD /* ModelBuilder.swift in Sources */ = {isa = PBXBuildFile; fileRef = 33C4E9302316F23100FC0EBD /* ModelBuilder.swift */; };
/* End PBXBuildFile section */

/* Begin PBXContainerItemProxy section */
		33B6E1D422FF60C8004ABC73 /* PBXContainerItemProxy */ = {
			isa = PBXContainerItemProxy;
			containerPortal = 33B6E1B922FF60C5004ABC73 /* Project object */;
			proxyType = 1;
			remoteGlobalIDString = 33B6E1C022FF60C5004ABC73;
			remoteInfo = CameraTrackerEditor;
		};
		33B6E1DF22FF60C8004ABC73 /* PBXContainerItemProxy */ = {
			isa = PBXContainerItemProxy;
			containerPortal = 33B6E1B922FF60C5004ABC73 /* Project object */;
			proxyType = 1;
			remoteGlobalIDString = 33B6E1C022FF60C5004ABC73;
			remoteInfo = CameraTrackerEditor;
		};
/* End PBXContainerItemProxy section */

/* Begin PBXFileReference section */
		3302F752231E7545008DE36C /* TimelineView+Graph.swift */ = {isa = PBXFileReference; lastKnownFileType = sourcecode.swift; path = "TimelineView+Graph.swift"; sourceTree = "<group>"; };
		3302F754231E87D2008DE36C /* TimelineView+Meters.swift */ = {isa = PBXFileReference; lastKnownFileType = sourcecode.swift; path = "TimelineView+Meters.swift"; sourceTree = "<group>"; };
		3302F756231E971E008DE36C /* TimelineView+Playhead.swift */ = {isa = PBXFileReference; lastKnownFileType = sourcecode.swift; path = "TimelineView+Playhead.swift"; sourceTree = "<group>"; };
		3302F758231EA4CF008DE36C /* TimelineView+MouseEvents.swift */ = {isa = PBXFileReference; lastKnownFileType = sourcecode.swift; path = "TimelineView+MouseEvents.swift"; sourceTree = "<group>"; };
		3302F75A231EC42F008DE36C /* CGPoint+Operators.swift */ = {isa = PBXFileReference; lastKnownFileType = sourcecode.swift; path = "CGPoint+Operators.swift"; sourceTree = "<group>"; };
		331F0377231F50F6004472C1 /* TimelineViewController+Actions.swift */ = {isa = PBXFileReference; lastKnownFileType = sourcecode.swift; path = "TimelineViewController+Actions.swift"; sourceTree = "<group>"; };
		331F037C2321A49D004472C1 /* TimelineViewController+Scale&Position.swift */ = {isa = PBXFileReference; lastKnownFileType = sourcecode.swift; path = "TimelineViewController+Scale&Position.swift"; sourceTree = "<group>"; };
		3343C24E2321F61200D033B8 /* SceneViewController.swift */ = {isa = PBXFileReference; lastKnownFileType = sourcecode.swift; path = SceneViewController.swift; sourceTree = "<group>"; };
		3343C2552321F9DB00D033B8 /* Shaders.metal */ = {isa = PBXFileReference; lastKnownFileType = sourcecode.metal; path = Shaders.metal; sourceTree = "<group>"; };
		3358FBC2231D8D97006272CB /* TimelineViewMouseDelegate.swift */ = {isa = PBXFileReference; lastKnownFileType = sourcecode.swift; path = TimelineViewMouseDelegate.swift; sourceTree = "<group>"; };
		3358FBC7231D98FE006272CB /* TimelineViewController+TimelineViewChangeDelegate.swift */ = {isa = PBXFileReference; lastKnownFileType = sourcecode.swift; path = "TimelineViewController+TimelineViewChangeDelegate.swift"; sourceTree = "<group>"; };
		3368EE2023257C2F001B2AC7 /* CustomCursors.swift */ = {isa = PBXFileReference; lastKnownFileType = sourcecode.swift; path = CustomCursors.swift; sourceTree = "<group>"; };
		3368EE2423259159001B2AC7 /* TimelineView+StartDrawing.swift */ = {isa = PBXFileReference; lastKnownFileType = sourcecode.swift; path = "TimelineView+StartDrawing.swift"; sourceTree = "<group>"; };
		3368EE282325A536001B2AC7 /* FloorPrimitive.swift */ = {isa = PBXFileReference; lastKnownFileType = sourcecode.swift; path = FloorPrimitive.swift; sourceTree = "<group>"; };
		3368EE2A2326FF13001B2AC7 /* SceneView.swift */ = {isa = PBXFileReference; lastKnownFileType = sourcecode.swift; path = SceneView.swift; sourceTree = "<group>"; };
		3368EE2C232729CB001B2AC7 /* Sizeable.swift */ = {isa = PBXFileReference; lastKnownFileType = sourcecode.swift; path = Sizeable.swift; sourceTree = "<group>"; };
		3368EE2E23272A88001B2AC7 /* Vertex.swift */ = {isa = PBXFileReference; lastKnownFileType = sourcecode.swift; path = Vertex.swift; sourceTree = "<group>"; };
		3368EE3023272CEA001B2AC7 /* RenderPreferences.swift */ = {isa = PBXFileReference; lastKnownFileType = sourcecode.swift; path = RenderPreferences.swift; sourceTree = "<group>"; };
		3368EE3223272D7F001B2AC7 /* SceneEngine.swift */ = {isa = PBXFileReference; lastKnownFileType = sourcecode.swift; path = SceneEngine.swift; sourceTree = "<group>"; };
		33A1FD362329925E00F38D0C /* ShaderLibrary.swift */ = {isa = PBXFileReference; lastKnownFileType = sourcecode.swift; path = ShaderLibrary.swift; sourceTree = "<group>"; };
		33A1FD392329C45300F38D0C /* VertexDescriptorLibrary.swift */ = {isa = PBXFileReference; lastKnownFileType = sourcecode.swift; path = VertexDescriptorLibrary.swift; sourceTree = "<group>"; };
		33A1FD3B2329C6A700F38D0C /* RenderPipelineDescriptorLibrary.swift */ = {isa = PBXFileReference; lastKnownFileType = sourcecode.swift; path = RenderPipelineDescriptorLibrary.swift; sourceTree = "<group>"; };
		33A1FD3D2329C8C800F38D0C /* RenderPipelineStateLibrary.swift */ = {isa = PBXFileReference; lastKnownFileType = sourcecode.swift; path = RenderPipelineStateLibrary.swift; sourceTree = "<group>"; };
		33A1FD3F232A236700F38D0C /* GameObject.swift */ = {isa = PBXFileReference; lastKnownFileType = sourcecode.swift; path = GameObject.swift; sourceTree = "<group>"; };
		33A1FD42232A25F600F38D0C /* SceneRenderer.swift */ = {isa = PBXFileReference; lastKnownFileType = sourcecode.swift; path = SceneRenderer.swift; sourceTree = "<group>"; };
		33A9D2F423233CBB00D157D8 /* TimelineToolController.swift */ = {isa = PBXFileReference; lastKnownFileType = sourcecode.swift; path = TimelineToolController.swift; sourceTree = "<group>"; };
		33A9D2F623233E4800D157D8 /* TimelinePointerController.swift */ = {isa = PBXFileReference; lastKnownFileType = sourcecode.swift; path = TimelinePointerController.swift; sourceTree = "<group>"; };
		33A9D2FA2323478700D157D8 /* TimelineTrimController.swift */ = {isa = PBXFileReference; lastKnownFileType = sourcecode.swift; path = TimelineTrimController.swift; sourceTree = "<group>"; };
		33A9D2FC232347C300D157D8 /* TimelineZoomController.swift */ = {isa = PBXFileReference; lastKnownFileType = sourcecode.swift; path = TimelineZoomController.swift; sourceTree = "<group>"; };
		33A9D2FE23234DB300D157D8 /* TimelineHandController.swift */ = {isa = PBXFileReference; lastKnownFileType = sourcecode.swift; path = TimelineHandController.swift; sourceTree = "<group>"; };
		33A9D3002323FF7400D157D8 /* TimelineViewChangeDelegate.swift */ = {isa = PBXFileReference; lastKnownFileType = sourcecode.swift; path = TimelineViewChangeDelegate.swift; sourceTree = "<group>"; };
		33A9D3022324123C00D157D8 /* CGSize+Operators.swift */ = {isa = PBXFileReference; lastKnownFileType = sourcecode.swift; path = "CGSize+Operators.swift"; sourceTree = "<group>"; };
		33AA5968231E50B1005D977C /* TimelineView.swift */ = {isa = PBXFileReference; lastKnownFileType = sourcecode.swift; path = TimelineView.swift; sourceTree = "<group>"; };
		33AA596C231E6D2E005D977C /* TimelineView+Ticks.swift */ = {isa = PBXFileReference; lastKnownFileType = sourcecode.swift; path = "TimelineView+Ticks.swift"; sourceTree = "<group>"; };
		33B6E1C122FF60C5004ABC73 /* CameraTrackerEditor.app */ = {isa = PBXFileReference; explicitFileType = wrapper.application; includeInIndex = 0; path = CameraTrackerEditor.app; sourceTree = BUILT_PRODUCTS_DIR; };
		33B6E1C422FF60C5004ABC73 /* AppDelegate.swift */ = {isa = PBXFileReference; lastKnownFileType = sourcecode.swift; path = AppDelegate.swift; sourceTree = "<group>"; };
		33B6E1C622FF60C5004ABC73 /* MainViewController.swift */ = {isa = PBXFileReference; lastKnownFileType = sourcecode.swift; path = MainViewController.swift; sourceTree = "<group>"; };
		33B6E1C822FF60C8004ABC73 /* Assets.xcassets */ = {isa = PBXFileReference; lastKnownFileType = folder.assetcatalog; path = Assets.xcassets; sourceTree = "<group>"; };
		33B6E1CB22FF60C8004ABC73 /* Base */ = {isa = PBXFileReference; lastKnownFileType = file.storyboard; name = Base; path = Base.lproj/Main.storyboard; sourceTree = "<group>"; };
		33B6E1CD22FF60C8004ABC73 /* Info.plist */ = {isa = PBXFileReference; lastKnownFileType = text.plist.xml; path = Info.plist; sourceTree = "<group>"; };
		33B6E1CE22FF60C8004ABC73 /* CameraTrackerEditor.entitlements */ = {isa = PBXFileReference; lastKnownFileType = text.plist.entitlements; path = CameraTrackerEditor.entitlements; sourceTree = "<group>"; };
		33B6E1D322FF60C8004ABC73 /* CameraTrackerEditorTests.xctest */ = {isa = PBXFileReference; explicitFileType = wrapper.cfbundle; includeInIndex = 0; path = CameraTrackerEditorTests.xctest; sourceTree = BUILT_PRODUCTS_DIR; };
		33B6E1D722FF60C8004ABC73 /* CameraTrackerEditorTests.swift */ = {isa = PBXFileReference; lastKnownFileType = sourcecode.swift; path = CameraTrackerEditorTests.swift; sourceTree = "<group>"; };
		33B6E1D922FF60C8004ABC73 /* Info.plist */ = {isa = PBXFileReference; lastKnownFileType = text.plist.xml; path = Info.plist; sourceTree = "<group>"; };
		33B6E1DE22FF60C8004ABC73 /* CameraTrackerEditorUITests.xctest */ = {isa = PBXFileReference; explicitFileType = wrapper.cfbundle; includeInIndex = 0; path = CameraTrackerEditorUITests.xctest; sourceTree = BUILT_PRODUCTS_DIR; };
		33B6E1E222FF60C8004ABC73 /* CameraTrackerEditorUITests.swift */ = {isa = PBXFileReference; lastKnownFileType = sourcecode.swift; path = CameraTrackerEditorUITests.swift; sourceTree = "<group>"; };
		33B6E1E422FF60C8004ABC73 /* Info.plist */ = {isa = PBXFileReference; lastKnownFileType = text.plist.xml; path = Info.plist; sourceTree = "<group>"; };
		33B6E1F223002E7A004ABC73 /* TrackingData.swift */ = {isa = PBXFileReference; lastKnownFileType = sourcecode.swift; path = TrackingData.swift; sourceTree = "<group>"; };
		33B6E1F623003CFB004ABC73 /* MathUtilities.swift */ = {isa = PBXFileReference; lastKnownFileType = sourcecode.swift; path = MathUtilities.swift; sourceTree = "<group>"; };
		33B6E1F923005099004ABC73 /* MathUtilitiesTests.swift */ = {isa = PBXFileReference; lastKnownFileType = sourcecode.swift; path = MathUtilitiesTests.swift; sourceTree = "<group>"; };
		33B6E1FC23005DE5004ABC73 /* TrackingDataTests.swift */ = {isa = PBXFileReference; lastKnownFileType = sourcecode.swift; path = TrackingDataTests.swift; sourceTree = "<group>"; };
		33B6E1FE23006559004ABC73 /* InterpolationValues.swift */ = {isa = PBXFileReference; lastKnownFileType = sourcecode.swift; path = InterpolationValues.swift; sourceTree = "<group>"; };
		33B6E20023007DB1004ABC73 /* TrackingDataValues.swift */ = {isa = PBXFileReference; lastKnownFileType = sourcecode.swift; path = TrackingDataValues.swift; sourceTree = "<group>"; };
		33B6E206230220C8004ABC73 /* JsonSchemas.swift */ = {isa = PBXFileReference; lastKnownFileType = sourcecode.swift; path = JsonSchemas.swift; sourceTree = "<group>"; };
		33B6E20823022632004ABC73 /* DataFileIO.swift */ = {isa = PBXFileReference; fileEncoding = 4; lastKnownFileType = sourcecode.swift; path = DataFileIO.swift; sourceTree = "<group>"; };
		33C4E92C2316DA6D00FC0EBD /* TimelineViewController.swift */ = {isa = PBXFileReference; lastKnownFileType = sourcecode.swift; path = TimelineViewController.swift; sourceTree = "<group>"; };
		33C4E9302316F23100FC0EBD /* ModelBuilder.swift */ = {isa = PBXFileReference; lastKnownFileType = sourcecode.swift; path = ModelBuilder.swift; sourceTree = "<group>"; };
/* End PBXFileReference section */

/* Begin PBXFrameworksBuildPhase section */
		33B6E1BE22FF60C5004ABC73 /* Frameworks */ = {
			isa = PBXFrameworksBuildPhase;
			buildActionMask = 2147483647;
			files = (
			);
			runOnlyForDeploymentPostprocessing = 0;
		};
		33B6E1D022FF60C8004ABC73 /* Frameworks */ = {
			isa = PBXFrameworksBuildPhase;
			buildActionMask = 2147483647;
			files = (
			);
			runOnlyForDeploymentPostprocessing = 0;
		};
		33B6E1DB22FF60C8004ABC73 /* Frameworks */ = {
			isa = PBXFrameworksBuildPhase;
			buildActionMask = 2147483647;
			files = (
			);
			runOnlyForDeploymentPostprocessing = 0;
		};
/* End PBXFrameworksBuildPhase section */

/* Begin PBXGroup section */
		3343C24D2321F5EB00D033B8 /* scene */ = {
			isa = PBXGroup;
			children = (
				3343C24E2321F61200D033B8 /* SceneViewController.swift */,
			);
			path = scene;
			sourceTree = "<group>";
		};
		3343C2502321F77300D033B8 /* scene */ = {
			isa = PBXGroup;
			children = (
				33A1FD41232A25E000F38D0C /* display */,
				33A1FD382329BB4300F38D0C /* core */,
				33A1FD352329924C00F38D0C /* libraries */,
				3368EE272325A523001B2AC7 /* primitives */,
			);
			path = scene;
			sourceTree = "<group>";
		};
		3358FBC6231D98C6006272CB /* timeline */ = {
			isa = PBXGroup;
			children = (
				33A9D2EF2322F99B00D157D8 /* tools */,
				33C4E92C2316DA6D00FC0EBD /* TimelineViewController.swift */,
				3358FBC7231D98FE006272CB /* TimelineViewController+TimelineViewChangeDelegate.swift */,
				331F0377231F50F6004472C1 /* TimelineViewController+Actions.swift */,
				331F037C2321A49D004472C1 /* TimelineViewController+Scale&Position.swift */,
			);
			path = timeline;
			sourceTree = "<group>";
		};
		3368EE272325A523001B2AC7 /* primitives */ = {
			isa = PBXGroup;
			children = (
				3368EE2E23272A88001B2AC7 /* Vertex.swift */,
				3368EE282325A536001B2AC7 /* FloorPrimitive.swift */,
				33A1FD3F232A236700F38D0C /* GameObject.swift */,
			);
			path = primitives;
			sourceTree = "<group>";
		};
		33A1FD352329924C00F38D0C /* libraries */ = {
			isa = PBXGroup;
			children = (
				33A1FD362329925E00F38D0C /* ShaderLibrary.swift */,
				33A1FD392329C45300F38D0C /* VertexDescriptorLibrary.swift */,
				33A1FD3B2329C6A700F38D0C /* RenderPipelineDescriptorLibrary.swift */,
				33A1FD3D2329C8C800F38D0C /* RenderPipelineStateLibrary.swift */,
			);
			path = libraries;
			sourceTree = "<group>";
		};
		33A1FD382329BB4300F38D0C /* core */ = {
			isa = PBXGroup;
			children = (
				3368EE2C232729CB001B2AC7 /* Sizeable.swift */,
				3368EE3023272CEA001B2AC7 /* RenderPreferences.swift */,
				3368EE3223272D7F001B2AC7 /* SceneEngine.swift */,
			);
			path = core;
			sourceTree = "<group>";
		};
		33A1FD41232A25E000F38D0C /* display */ = {
			isa = PBXGroup;
			children = (
				3343C2552321F9DB00D033B8 /* Shaders.metal */,
				3368EE2A2326FF13001B2AC7 /* SceneView.swift */,
				33A1FD42232A25F600F38D0C /* SceneRenderer.swift */,
			);
			path = display;
			sourceTree = "<group>";
		};
		33A9D2EF2322F99B00D157D8 /* tools */ = {
			isa = PBXGroup;
			children = (
				33A9D2F423233CBB00D157D8 /* TimelineToolController.swift */,
				33A9D2F623233E4800D157D8 /* TimelinePointerController.swift */,
				33A9D2FA2323478700D157D8 /* TimelineTrimController.swift */,
				33A9D2FC232347C300D157D8 /* TimelineZoomController.swift */,
				33A9D2FE23234DB300D157D8 /* TimelineHandController.swift */,
			);
			path = tools;
			sourceTree = "<group>";
		};
		33B6E1B822FF60C5004ABC73 = {
			isa = PBXGroup;
			children = (
				33B6E1C322FF60C5004ABC73 /* CameraTrackerEditor */,
				33B6E1D622FF60C8004ABC73 /* CameraTrackerEditorTests */,
				33B6E1E122FF60C8004ABC73 /* CameraTrackerEditorUITests */,
				33B6E1C222FF60C5004ABC73 /* Products */,
			);
			sourceTree = "<group>";
		};
		33B6E1C222FF60C5004ABC73 /* Products */ = {
			isa = PBXGroup;
			children = (
				33B6E1C122FF60C5004ABC73 /* CameraTrackerEditor.app */,
				33B6E1D322FF60C8004ABC73 /* CameraTrackerEditorTests.xctest */,
				33B6E1DE22FF60C8004ABC73 /* CameraTrackerEditorUITests.xctest */,
			);
			name = Products;
			sourceTree = "<group>";
		};
		33B6E1C322FF60C5004ABC73 /* CameraTrackerEditor */ = {
			isa = PBXGroup;
			children = (
				33C4E926231644D300FC0EBD /* views */,
				33B6E2032301FE34004ABC73 /* FileIO */,
				33B6E2022301FDC7004ABC73 /* Controllers */,
				33B6E1F523003CE4004ABC73 /* utilities */,
				33B6E1F123002A75004ABC73 /* model */,
				33B6E1C422FF60C5004ABC73 /* AppDelegate.swift */,
				33B6E1C822FF60C8004ABC73 /* Assets.xcassets */,
				33B6E1CA22FF60C8004ABC73 /* Main.storyboard */,
				33B6E1CD22FF60C8004ABC73 /* Info.plist */,
				33B6E1CE22FF60C8004ABC73 /* CameraTrackerEditor.entitlements */,
			);
			path = CameraTrackerEditor;
			sourceTree = "<group>";
		};
		33B6E1D622FF60C8004ABC73 /* CameraTrackerEditorTests */ = {
			isa = PBXGroup;
			children = (
				33B6E1FB23005DD2004ABC73 /* model */,
				33B6E1F82300507E004ABC73 /* utilities */,
				33B6E1D722FF60C8004ABC73 /* CameraTrackerEditorTests.swift */,
				33B6E1D922FF60C8004ABC73 /* Info.plist */,
			);
			path = CameraTrackerEditorTests;
			sourceTree = "<group>";
		};
		33B6E1E122FF60C8004ABC73 /* CameraTrackerEditorUITests */ = {
			isa = PBXGroup;
			children = (
				33B6E1E222FF60C8004ABC73 /* CameraTrackerEditorUITests.swift */,
				33B6E1E422FF60C8004ABC73 /* Info.plist */,
			);
			path = CameraTrackerEditorUITests;
			sourceTree = "<group>";
		};
		33B6E1F123002A75004ABC73 /* model */ = {
			isa = PBXGroup;
			children = (
				33B6E1F223002E7A004ABC73 /* TrackingData.swift */,
			);
			path = model;
			sourceTree = "<group>";
		};
		33B6E1F523003CE4004ABC73 /* utilities */ = {
			isa = PBXGroup;
			children = (
				33B6E1F623003CFB004ABC73 /* MathUtilities.swift */,
				33C4E9302316F23100FC0EBD /* ModelBuilder.swift */,
				3302F75A231EC42F008DE36C /* CGPoint+Operators.swift */,
				33A9D3022324123C00D157D8 /* CGSize+Operators.swift */,
				3368EE2023257C2F001B2AC7 /* CustomCursors.swift */,
			);
			path = utilities;
			sourceTree = "<group>";
		};
		33B6E1F82300507E004ABC73 /* utilities */ = {
			isa = PBXGroup;
			children = (
				33B6E1F923005099004ABC73 /* MathUtilitiesTests.swift */,
				33B6E1FE23006559004ABC73 /* InterpolationValues.swift */,
			);
			path = utilities;
			sourceTree = "<group>";
		};
		33B6E1FB23005DD2004ABC73 /* model */ = {
			isa = PBXGroup;
			children = (
				33B6E1FC23005DE5004ABC73 /* TrackingDataTests.swift */,
				33B6E20023007DB1004ABC73 /* TrackingDataValues.swift */,
			);
			path = model;
			sourceTree = "<group>";
		};
		33B6E2022301FDC7004ABC73 /* Controllers */ = {
			isa = PBXGroup;
			children = (
				3343C24D2321F5EB00D033B8 /* scene */,
				3358FBC6231D98C6006272CB /* timeline */,
				33B6E1C622FF60C5004ABC73 /* MainViewController.swift */,
			);
			path = Controllers;
			sourceTree = "<group>";
		};
		33B6E2032301FE34004ABC73 /* FileIO */ = {
			isa = PBXGroup;
			children = (
				33B6E20823022632004ABC73 /* DataFileIO.swift */,
				33B6E206230220C8004ABC73 /* JsonSchemas.swift */,
			);
			path = FileIO;
			sourceTree = "<group>";
		};
		33C4E926231644D300FC0EBD /* views */ = {
			isa = PBXGroup;
			children = (
				3343C2502321F77300D033B8 /* scene */,
				33C4E927231644F800FC0EBD /* timeline */,
			);
			path = views;
			sourceTree = "<group>";
		};
		33C4E927231644F800FC0EBD /* timeline */ = {
			isa = PBXGroup;
			children = (
				3358FBC2231D8D97006272CB /* TimelineViewMouseDelegate.swift */,
				33AA5968231E50B1005D977C /* TimelineView.swift */,
				33AA596C231E6D2E005D977C /* TimelineView+Ticks.swift */,
				3302F752231E7545008DE36C /* TimelineView+Graph.swift */,
				3302F754231E87D2008DE36C /* TimelineView+Meters.swift */,
				3302F756231E971E008DE36C /* TimelineView+Playhead.swift */,
				3302F758231EA4CF008DE36C /* TimelineView+MouseEvents.swift */,
				33A9D3002323FF7400D157D8 /* TimelineViewChangeDelegate.swift */,
				3368EE2423259159001B2AC7 /* TimelineView+StartDrawing.swift */,
			);
			path = timeline;
			sourceTree = "<group>";
		};
/* End PBXGroup section */

/* Begin PBXNativeTarget section */
		33B6E1C022FF60C5004ABC73 /* CameraTrackerEditor */ = {
			isa = PBXNativeTarget;
			buildConfigurationList = 33B6E1E722FF60C8004ABC73 /* Build configuration list for PBXNativeTarget "CameraTrackerEditor" */;
			buildPhases = (
				33B6E1BD22FF60C5004ABC73 /* Sources */,
				33B6E1BE22FF60C5004ABC73 /* Frameworks */,
				33B6E1BF22FF60C5004ABC73 /* Resources */,
			);
			buildRules = (
			);
			dependencies = (
			);
			name = CameraTrackerEditor;
			productName = CameraTrackerEditor;
			productReference = 33B6E1C122FF60C5004ABC73 /* CameraTrackerEditor.app */;
			productType = "com.apple.product-type.application";
		};
		33B6E1D222FF60C8004ABC73 /* CameraTrackerEditorTests */ = {
			isa = PBXNativeTarget;
			buildConfigurationList = 33B6E1EA22FF60C8004ABC73 /* Build configuration list for PBXNativeTarget "CameraTrackerEditorTests" */;
			buildPhases = (
				33B6E1CF22FF60C8004ABC73 /* Sources */,
				33B6E1D022FF60C8004ABC73 /* Frameworks */,
				33B6E1D122FF60C8004ABC73 /* Resources */,
			);
			buildRules = (
			);
			dependencies = (
				33B6E1D522FF60C8004ABC73 /* PBXTargetDependency */,
			);
			name = CameraTrackerEditorTests;
			productName = CameraTrackerEditorTests;
			productReference = 33B6E1D322FF60C8004ABC73 /* CameraTrackerEditorTests.xctest */;
			productType = "com.apple.product-type.bundle.unit-test";
		};
		33B6E1DD22FF60C8004ABC73 /* CameraTrackerEditorUITests */ = {
			isa = PBXNativeTarget;
			buildConfigurationList = 33B6E1ED22FF60C8004ABC73 /* Build configuration list for PBXNativeTarget "CameraTrackerEditorUITests" */;
			buildPhases = (
				33B6E1DA22FF60C8004ABC73 /* Sources */,
				33B6E1DB22FF60C8004ABC73 /* Frameworks */,
				33B6E1DC22FF60C8004ABC73 /* Resources */,
			);
			buildRules = (
			);
			dependencies = (
				33B6E1E022FF60C8004ABC73 /* PBXTargetDependency */,
			);
			name = CameraTrackerEditorUITests;
			productName = CameraTrackerEditorUITests;
			productReference = 33B6E1DE22FF60C8004ABC73 /* CameraTrackerEditorUITests.xctest */;
			productType = "com.apple.product-type.bundle.ui-testing";
		};
/* End PBXNativeTarget section */

/* Begin PBXProject section */
		33B6E1B922FF60C5004ABC73 /* Project object */ = {
			isa = PBXProject;
			attributes = {
				LastSwiftUpdateCheck = 1030;
				LastUpgradeCheck = 1030;
				ORGANIZATIONNAME = "Michael Levesque";
				TargetAttributes = {
					33B6E1C022FF60C5004ABC73 = {
						CreatedOnToolsVersion = 10.3;
					};
					33B6E1D222FF60C8004ABC73 = {
						CreatedOnToolsVersion = 10.3;
						TestTargetID = 33B6E1C022FF60C5004ABC73;
					};
					33B6E1DD22FF60C8004ABC73 = {
						CreatedOnToolsVersion = 10.3;
						TestTargetID = 33B6E1C022FF60C5004ABC73;
					};
				};
			};
			buildConfigurationList = 33B6E1BC22FF60C5004ABC73 /* Build configuration list for PBXProject "CameraTrackerEditor" */;
			compatibilityVersion = "Xcode 9.3";
			developmentRegion = en;
			hasScannedForEncodings = 0;
			knownRegions = (
				en,
				Base,
			);
			mainGroup = 33B6E1B822FF60C5004ABC73;
			productRefGroup = 33B6E1C222FF60C5004ABC73 /* Products */;
			projectDirPath = "";
			projectRoot = "";
			targets = (
				33B6E1C022FF60C5004ABC73 /* CameraTrackerEditor */,
				33B6E1D222FF60C8004ABC73 /* CameraTrackerEditorTests */,
				33B6E1DD22FF60C8004ABC73 /* CameraTrackerEditorUITests */,
			);
		};
/* End PBXProject section */

/* Begin PBXResourcesBuildPhase section */
		33B6E1BF22FF60C5004ABC73 /* Resources */ = {
			isa = PBXResourcesBuildPhase;
			buildActionMask = 2147483647;
			files = (
				33B6E1C922FF60C8004ABC73 /* Assets.xcassets in Resources */,
				33B6E1CC22FF60C8004ABC73 /* Main.storyboard in Resources */,
			);
			runOnlyForDeploymentPostprocessing = 0;
		};
		33B6E1D122FF60C8004ABC73 /* Resources */ = {
			isa = PBXResourcesBuildPhase;
			buildActionMask = 2147483647;
			files = (
			);
			runOnlyForDeploymentPostprocessing = 0;
		};
		33B6E1DC22FF60C8004ABC73 /* Resources */ = {
			isa = PBXResourcesBuildPhase;
			buildActionMask = 2147483647;
			files = (
			);
			runOnlyForDeploymentPostprocessing = 0;
		};
/* End PBXResourcesBuildPhase section */

/* Begin PBXSourcesBuildPhase section */
		33B6E1BD22FF60C5004ABC73 /* Sources */ = {
			isa = PBXSourcesBuildPhase;
			buildActionMask = 2147483647;
			files = (
				3358FBC8231D98FE006272CB /* TimelineViewController+TimelineViewChangeDelegate.swift in Sources */,
				33B6E1F723003CFB004ABC73 /* MathUtilities.swift in Sources */,
				3302F759231EA4CF008DE36C /* TimelineView+MouseEvents.swift in Sources */,
				331F0378231F50F6004472C1 /* TimelineViewController+Actions.swift in Sources */,
				33B6E1F323002E7A004ABC73 /* TrackingData.swift in Sources */,
				3343C24F2321F61200D033B8 /* SceneViewController.swift in Sources */,
				33B6E207230220C8004ABC73 /* JsonSchemas.swift in Sources */,
				331F037D2321A49D004472C1 /* TimelineViewController+Scale&Position.swift in Sources */,
				3368EE2D232729CB001B2AC7 /* Sizeable.swift in Sources */,
				33B6E20923022632004ABC73 /* DataFileIO.swift in Sources */,
				33A9D2F523233CBB00D157D8 /* TimelineToolController.swift in Sources */,
				33A1FD3E2329C8C800F38D0C /* RenderPipelineStateLibrary.swift in Sources */,
				33A1FD40232A236700F38D0C /* GameObject.swift in Sources */,
				3302F75B231EC42F008DE36C /* CGPoint+Operators.swift in Sources */,
				3302F757231E971E008DE36C /* TimelineView+Playhead.swift in Sources */,
				3368EE292325A536001B2AC7 /* FloorPrimitive.swift in Sources */,
				33A1FD43232A25F600F38D0C /* SceneRenderer.swift in Sources */,
				33C4E92D2316DA6D00FC0EBD /* TimelineViewController.swift in Sources */,
				33A1FD372329925E00F38D0C /* ShaderLibrary.swift in Sources */,
				3302F753231E7545008DE36C /* TimelineView+Graph.swift in Sources */,
				3368EE3323272D7F001B2AC7 /* SceneEngine.swift in Sources */,
				33A9D3032324123C00D157D8 /* CGSize+Operators.swift in Sources */,
				3368EE2F23272A88001B2AC7 /* Vertex.swift in Sources */,
				3302F755231E87D2008DE36C /* TimelineView+Meters.swift in Sources */,
				3368EE2523259159001B2AC7 /* TimelineView+StartDrawing.swift in Sources */,
				33A9D2FD232347C300D157D8 /* TimelineZoomController.swift in Sources */,
				33A9D2F723233E4800D157D8 /* TimelinePointerController.swift in Sources */,
				3368EE2B2326FF13001B2AC7 /* SceneView.swift in Sources */,
				33B6E1C722FF60C5004ABC73 /* MainViewController.swift in Sources */,
				33A1FD3A2329C45300F38D0C /* VertexDescriptorLibrary.swift in Sources */,
				3343C2562321F9DB00D033B8 /* Shaders.metal in Sources */,
				33A9D2FF23234DB300D157D8 /* TimelineHandController.swift in Sources */,
				33B6E1C522FF60C5004ABC73 /* AppDelegate.swift in Sources */,
				33A1FD3C2329C6A700F38D0C /* RenderPipelineDescriptorLibrary.swift in Sources */,
				33A9D3012323FF7400D157D8 /* TimelineViewChangeDelegate.swift in Sources */,
				3368EE2123257C2F001B2AC7 /* CustomCursors.swift in Sources */,
				3368EE3123272CEA001B2AC7 /* RenderPreferences.swift in Sources */,
				3358FBC3231D8D97006272CB /* TimelineViewMouseDelegate.swift in Sources */,
				33A9D2FB2323478700D157D8 /* TimelineTrimController.swift in Sources */,
				33AA5969231E50B1005D977C /* TimelineView.swift in Sources */,
				33AA596D231E6D2E005D977C /* TimelineView+Ticks.swift in Sources */,
				33C4E9312316F23100FC0EBD /* ModelBuilder.swift in Sources */,
			);
			runOnlyForDeploymentPostprocessing = 0;
		};
		33B6E1CF22FF60C8004ABC73 /* Sources */ = {
			isa = PBXSourcesBuildPhase;
			buildActionMask = 2147483647;
			files = (
				33B6E1FF23006559004ABC73 /* InterpolationValues.swift in Sources */,
				33B6E1FA23005099004ABC73 /* MathUtilitiesTests.swift in Sources */,
				33B6E1FD23005DE5004ABC73 /* TrackingDataTests.swift in Sources */,
				33B6E20123007DB1004ABC73 /* TrackingDataValues.swift in Sources */,
				33B6E1D822FF60C8004ABC73 /* CameraTrackerEditorTests.swift in Sources */,
			);
			runOnlyForDeploymentPostprocessing = 0;
		};
		33B6E1DA22FF60C8004ABC73 /* Sources */ = {
			isa = PBXSourcesBuildPhase;
			buildActionMask = 2147483647;
			files = (
				33B6E1E322FF60C8004ABC73 /* CameraTrackerEditorUITests.swift in Sources */,
			);
			runOnlyForDeploymentPostprocessing = 0;
		};
/* End PBXSourcesBuildPhase section */

/* Begin PBXTargetDependency section */
		33B6E1D522FF60C8004ABC73 /* PBXTargetDependency */ = {
			isa = PBXTargetDependency;
			target = 33B6E1C022FF60C5004ABC73 /* CameraTrackerEditor */;
			targetProxy = 33B6E1D422FF60C8004ABC73 /* PBXContainerItemProxy */;
		};
		33B6E1E022FF60C8004ABC73 /* PBXTargetDependency */ = {
			isa = PBXTargetDependency;
			target = 33B6E1C022FF60C5004ABC73 /* CameraTrackerEditor */;
			targetProxy = 33B6E1DF22FF60C8004ABC73 /* PBXContainerItemProxy */;
		};
/* End PBXTargetDependency section */

/* Begin PBXVariantGroup section */
		33B6E1CA22FF60C8004ABC73 /* Main.storyboard */ = {
			isa = PBXVariantGroup;
			children = (
				33B6E1CB22FF60C8004ABC73 /* Base */,
			);
			name = Main.storyboard;
			sourceTree = "<group>";
		};
/* End PBXVariantGroup section */

/* Begin XCBuildConfiguration section */
		33B6E1E522FF60C8004ABC73 /* Debug */ = {
			isa = XCBuildConfiguration;
			buildSettings = {
				ALWAYS_SEARCH_USER_PATHS = NO;
				CLANG_ANALYZER_NONNULL = YES;
				CLANG_ANALYZER_NUMBER_OBJECT_CONVERSION = YES_AGGRESSIVE;
				CLANG_CXX_LANGUAGE_STANDARD = "gnu++14";
				CLANG_CXX_LIBRARY = "libc++";
				CLANG_ENABLE_MODULES = YES;
				CLANG_ENABLE_OBJC_ARC = YES;
				CLANG_ENABLE_OBJC_WEAK = YES;
				CLANG_WARN_BLOCK_CAPTURE_AUTORELEASING = YES;
				CLANG_WARN_BOOL_CONVERSION = YES;
				CLANG_WARN_COMMA = YES;
				CLANG_WARN_CONSTANT_CONVERSION = YES;
				CLANG_WARN_DEPRECATED_OBJC_IMPLEMENTATIONS = YES;
				CLANG_WARN_DIRECT_OBJC_ISA_USAGE = YES_ERROR;
				CLANG_WARN_DOCUMENTATION_COMMENTS = YES;
				CLANG_WARN_EMPTY_BODY = YES;
				CLANG_WARN_ENUM_CONVERSION = YES;
				CLANG_WARN_INFINITE_RECURSION = YES;
				CLANG_WARN_INT_CONVERSION = YES;
				CLANG_WARN_NON_LITERAL_NULL_CONVERSION = YES;
				CLANG_WARN_OBJC_IMPLICIT_RETAIN_SELF = YES;
				CLANG_WARN_OBJC_LITERAL_CONVERSION = YES;
				CLANG_WARN_OBJC_ROOT_CLASS = YES_ERROR;
				CLANG_WARN_RANGE_LOOP_ANALYSIS = YES;
				CLANG_WARN_STRICT_PROTOTYPES = YES;
				CLANG_WARN_SUSPICIOUS_MOVE = YES;
				CLANG_WARN_UNGUARDED_AVAILABILITY = YES_AGGRESSIVE;
				CLANG_WARN_UNREACHABLE_CODE = YES;
				CLANG_WARN__DUPLICATE_METHOD_MATCH = YES;
				CODE_SIGN_IDENTITY = "Mac Developer";
				COPY_PHASE_STRIP = NO;
				DEBUG_INFORMATION_FORMAT = dwarf;
				ENABLE_STRICT_OBJC_MSGSEND = YES;
				ENABLE_TESTABILITY = YES;
				GCC_C_LANGUAGE_STANDARD = gnu11;
				GCC_DYNAMIC_NO_PIC = NO;
				GCC_NO_COMMON_BLOCKS = YES;
				GCC_OPTIMIZATION_LEVEL = 0;
				GCC_PREPROCESSOR_DEFINITIONS = (
					"DEBUG=1",
					"$(inherited)",
				);
				GCC_WARN_64_TO_32_BIT_CONVERSION = YES;
				GCC_WARN_ABOUT_RETURN_TYPE = YES_ERROR;
				GCC_WARN_UNDECLARED_SELECTOR = YES;
				GCC_WARN_UNINITIALIZED_AUTOS = YES_AGGRESSIVE;
				GCC_WARN_UNUSED_FUNCTION = YES;
				GCC_WARN_UNUSED_VARIABLE = YES;
				MACOSX_DEPLOYMENT_TARGET = 10.14;
				MTL_ENABLE_DEBUG_INFO = INCLUDE_SOURCE;
				MTL_FAST_MATH = YES;
				ONLY_ACTIVE_ARCH = YES;
				SDKROOT = macosx;
				SWIFT_ACTIVE_COMPILATION_CONDITIONS = DEBUG;
				SWIFT_OPTIMIZATION_LEVEL = "-Onone";
			};
			name = Debug;
		};
		33B6E1E622FF60C8004ABC73 /* Release */ = {
			isa = XCBuildConfiguration;
			buildSettings = {
				ALWAYS_SEARCH_USER_PATHS = NO;
				CLANG_ANALYZER_NONNULL = YES;
				CLANG_ANALYZER_NUMBER_OBJECT_CONVERSION = YES_AGGRESSIVE;
				CLANG_CXX_LANGUAGE_STANDARD = "gnu++14";
				CLANG_CXX_LIBRARY = "libc++";
				CLANG_ENABLE_MODULES = YES;
				CLANG_ENABLE_OBJC_ARC = YES;
				CLANG_ENABLE_OBJC_WEAK = YES;
				CLANG_WARN_BLOCK_CAPTURE_AUTORELEASING = YES;
				CLANG_WARN_BOOL_CONVERSION = YES;
				CLANG_WARN_COMMA = YES;
				CLANG_WARN_CONSTANT_CONVERSION = YES;
				CLANG_WARN_DEPRECATED_OBJC_IMPLEMENTATIONS = YES;
				CLANG_WARN_DIRECT_OBJC_ISA_USAGE = YES_ERROR;
				CLANG_WARN_DOCUMENTATION_COMMENTS = YES;
				CLANG_WARN_EMPTY_BODY = YES;
				CLANG_WARN_ENUM_CONVERSION = YES;
				CLANG_WARN_INFINITE_RECURSION = YES;
				CLANG_WARN_INT_CONVERSION = YES;
				CLANG_WARN_NON_LITERAL_NULL_CONVERSION = YES;
				CLANG_WARN_OBJC_IMPLICIT_RETAIN_SELF = YES;
				CLANG_WARN_OBJC_LITERAL_CONVERSION = YES;
				CLANG_WARN_OBJC_ROOT_CLASS = YES_ERROR;
				CLANG_WARN_RANGE_LOOP_ANALYSIS = YES;
				CLANG_WARN_STRICT_PROTOTYPES = YES;
				CLANG_WARN_SUSPICIOUS_MOVE = YES;
				CLANG_WARN_UNGUARDED_AVAILABILITY = YES_AGGRESSIVE;
				CLANG_WARN_UNREACHABLE_CODE = YES;
				CLANG_WARN__DUPLICATE_METHOD_MATCH = YES;
				CODE_SIGN_IDENTITY = "Mac Developer";
				COPY_PHASE_STRIP = NO;
				DEBUG_INFORMATION_FORMAT = "dwarf-with-dsym";
				ENABLE_NS_ASSERTIONS = NO;
				ENABLE_STRICT_OBJC_MSGSEND = YES;
				GCC_C_LANGUAGE_STANDARD = gnu11;
				GCC_NO_COMMON_BLOCKS = YES;
				GCC_WARN_64_TO_32_BIT_CONVERSION = YES;
				GCC_WARN_ABOUT_RETURN_TYPE = YES_ERROR;
				GCC_WARN_UNDECLARED_SELECTOR = YES;
				GCC_WARN_UNINITIALIZED_AUTOS = YES_AGGRESSIVE;
				GCC_WARN_UNUSED_FUNCTION = YES;
				GCC_WARN_UNUSED_VARIABLE = YES;
				MACOSX_DEPLOYMENT_TARGET = 10.14;
				MTL_ENABLE_DEBUG_INFO = NO;
				MTL_FAST_MATH = YES;
				SDKROOT = macosx;
				SWIFT_COMPILATION_MODE = wholemodule;
				SWIFT_OPTIMIZATION_LEVEL = "-O";
			};
			name = Release;
		};
		33B6E1E822FF60C8004ABC73 /* Debug */ = {
			isa = XCBuildConfiguration;
			buildSettings = {
				ASSETCATALOG_COMPILER_APPICON_NAME = AppIcon;
				CODE_SIGN_ENTITLEMENTS = CameraTrackerEditor/CameraTrackerEditor.entitlements;
				CODE_SIGN_STYLE = Automatic;
				COMBINE_HIDPI_IMAGES = YES;
				DEVELOPMENT_TEAM = FJBQZME6ZC;
				INFOPLIST_FILE = CameraTrackerEditor/Info.plist;
				LD_RUNPATH_SEARCH_PATHS = (
					"$(inherited)",
					"@executable_path/../Frameworks",
				);
				PRODUCT_BUNDLE_IDENTIFIER = com.mlevesque.CameraTrackerEditor;
				PRODUCT_NAME = "$(TARGET_NAME)";
				SWIFT_VERSION = 5.0;
			};
			name = Debug;
		};
		33B6E1E922FF60C8004ABC73 /* Release */ = {
			isa = XCBuildConfiguration;
			buildSettings = {
				ASSETCATALOG_COMPILER_APPICON_NAME = AppIcon;
				CODE_SIGN_ENTITLEMENTS = CameraTrackerEditor/CameraTrackerEditor.entitlements;
				CODE_SIGN_STYLE = Automatic;
				COMBINE_HIDPI_IMAGES = YES;
				DEVELOPMENT_TEAM = FJBQZME6ZC;
				INFOPLIST_FILE = CameraTrackerEditor/Info.plist;
				LD_RUNPATH_SEARCH_PATHS = (
					"$(inherited)",
					"@executable_path/../Frameworks",
				);
				PRODUCT_BUNDLE_IDENTIFIER = com.mlevesque.CameraTrackerEditor;
				PRODUCT_NAME = "$(TARGET_NAME)";
				SWIFT_VERSION = 5.0;
			};
			name = Release;
		};
		33B6E1EB22FF60C8004ABC73 /* Debug */ = {
			isa = XCBuildConfiguration;
			buildSettings = {
				ALWAYS_EMBED_SWIFT_STANDARD_LIBRARIES = YES;
				BUNDLE_LOADER = "$(TEST_HOST)";
				CODE_SIGN_STYLE = Automatic;
				COMBINE_HIDPI_IMAGES = YES;
				DEVELOPMENT_TEAM = FJBQZME6ZC;
				INFOPLIST_FILE = CameraTrackerEditorTests/Info.plist;
				LD_RUNPATH_SEARCH_PATHS = (
					"$(inherited)",
					"@executable_path/../Frameworks",
					"@loader_path/../Frameworks",
				);
				PRODUCT_BUNDLE_IDENTIFIER = com.mlevesque.CameraTrackerEditorTests;
				PRODUCT_NAME = "$(TARGET_NAME)";
				SWIFT_VERSION = 5.0;
				TEST_HOST = "$(BUILT_PRODUCTS_DIR)/CameraTrackerEditor.app/Contents/MacOS/CameraTrackerEditor";
			};
			name = Debug;
		};
		33B6E1EC22FF60C8004ABC73 /* Release */ = {
			isa = XCBuildConfiguration;
			buildSettings = {
				ALWAYS_EMBED_SWIFT_STANDARD_LIBRARIES = YES;
				BUNDLE_LOADER = "$(TEST_HOST)";
				CODE_SIGN_STYLE = Automatic;
				COMBINE_HIDPI_IMAGES = YES;
				DEVELOPMENT_TEAM = FJBQZME6ZC;
				INFOPLIST_FILE = CameraTrackerEditorTests/Info.plist;
				LD_RUNPATH_SEARCH_PATHS = (
					"$(inherited)",
					"@executable_path/../Frameworks",
					"@loader_path/../Frameworks",
				);
				PRODUCT_BUNDLE_IDENTIFIER = com.mlevesque.CameraTrackerEditorTests;
				PRODUCT_NAME = "$(TARGET_NAME)";
				SWIFT_VERSION = 5.0;
				TEST_HOST = "$(BUILT_PRODUCTS_DIR)/CameraTrackerEditor.app/Contents/MacOS/CameraTrackerEditor";
			};
			name = Release;
		};
		33B6E1EE22FF60C8004ABC73 /* Debug */ = {
			isa = XCBuildConfiguration;
			buildSettings = {
				ALWAYS_EMBED_SWIFT_STANDARD_LIBRARIES = YES;
				CODE_SIGN_STYLE = Automatic;
				COMBINE_HIDPI_IMAGES = YES;
				DEVELOPMENT_TEAM = FJBQZME6ZC;
				INFOPLIST_FILE = CameraTrackerEditorUITests/Info.plist;
				LD_RUNPATH_SEARCH_PATHS = (
					"$(inherited)",
					"@executable_path/../Frameworks",
					"@loader_path/../Frameworks",
				);
				PRODUCT_BUNDLE_IDENTIFIER = com.mlevesque.CameraTrackerEditorUITests;
				PRODUCT_NAME = "$(TARGET_NAME)";
				SWIFT_VERSION = 5.0;
				TEST_TARGET_NAME = CameraTrackerEditor;
			};
			name = Debug;
		};
		33B6E1EF22FF60C8004ABC73 /* Release */ = {
			isa = XCBuildConfiguration;
			buildSettings = {
				ALWAYS_EMBED_SWIFT_STANDARD_LIBRARIES = YES;
				CODE_SIGN_STYLE = Automatic;
				COMBINE_HIDPI_IMAGES = YES;
				DEVELOPMENT_TEAM = FJBQZME6ZC;
				INFOPLIST_FILE = CameraTrackerEditorUITests/Info.plist;
				LD_RUNPATH_SEARCH_PATHS = (
					"$(inherited)",
					"@executable_path/../Frameworks",
					"@loader_path/../Frameworks",
				);
				PRODUCT_BUNDLE_IDENTIFIER = com.mlevesque.CameraTrackerEditorUITests;
				PRODUCT_NAME = "$(TARGET_NAME)";
				SWIFT_VERSION = 5.0;
				TEST_TARGET_NAME = CameraTrackerEditor;
			};
			name = Release;
		};
/* End XCBuildConfiguration section */

/* Begin XCConfigurationList section */
		33B6E1BC22FF60C5004ABC73 /* Build configuration list for PBXProject "CameraTrackerEditor" */ = {
			isa = XCConfigurationList;
			buildConfigurations = (
				33B6E1E522FF60C8004ABC73 /* Debug */,
				33B6E1E622FF60C8004ABC73 /* Release */,
			);
			defaultConfigurationIsVisible = 0;
			defaultConfigurationName = Release;
		};
		33B6E1E722FF60C8004ABC73 /* Build configuration list for PBXNativeTarget "CameraTrackerEditor" */ = {
			isa = XCConfigurationList;
			buildConfigurations = (
				33B6E1E822FF60C8004ABC73 /* Debug */,
				33B6E1E922FF60C8004ABC73 /* Release */,
			);
			defaultConfigurationIsVisible = 0;
			defaultConfigurationName = Release;
		};
		33B6E1EA22FF60C8004ABC73 /* Build configuration list for PBXNativeTarget "CameraTrackerEditorTests" */ = {
			isa = XCConfigurationList;
			buildConfigurations = (
				33B6E1EB22FF60C8004ABC73 /* Debug */,
				33B6E1EC22FF60C8004ABC73 /* Release */,
			);
			defaultConfigurationIsVisible = 0;
			defaultConfigurationName = Release;
		};
		33B6E1ED22FF60C8004ABC73 /* Build configuration list for PBXNativeTarget "CameraTrackerEditorUITests" */ = {
			isa = XCConfigurationList;
			buildConfigurations = (
				33B6E1EE22FF60C8004ABC73 /* Debug */,
				33B6E1EF22FF60C8004ABC73 /* Release */,
			);
			defaultConfigurationIsVisible = 0;
			defaultConfigurationName = Release;
		};
/* End XCConfigurationList section */
	};
	rootObject = 33B6E1B922FF60C5004ABC73 /* Project object */;
}
